
Microsoft Visual Studio Solution File, Format Version 11.00
# Visual Studio 2010
Project("{FAE04EC0-301F-11D3-BF4B-00C04F79EFBC}") = "Account", "Account\Account.csproj", "{2382676F-D891-45BB-89DB-B0933B6B4A76}"
EndProject
Project("{FAE04EC0-301F-11D3-BF4B-00C04F79EFBC}") = "Quantifiers", "Quantifiers\Quantifiers.csproj", "{8F2D7721-298C-4BB7-A803-1D78352CE254}"
EndProject
Project("{FAE04EC0-301F-11D3-BF4B-00C04F79EFBC}") = "Map", "Map\Map.csproj", "{F47170B5-6AB1-4DD3-964D-9665F472E773}"
EndProject
Global
	GlobalSection(SolutionConfigurationPlatforms) = preSolution
		Debug|Any CPU = Debug|Any CPU
		Release|Any CPU = Release|Any CPU
	EndGlobalSection
	GlobalSection(ProjectConfigurationPlatforms) = postSolution
		{2382676F-D891-45BB-89DB-B0933B6B4A76}.Debug|Any CPU.ActiveCfg = Debug|Any CPU
		{2382676F-D891-45BB-89DB-B0933B6B4A76}.Debug|Any CPU.Build.0 = Debug|Any CPU
		{2382676F-D891-45BB-89DB-B0933B6B4A76}.Release|Any CPU.ActiveCfg = Release|Any CPU
		{2382676F-D891-45BB-89DB-B0933B6B4A76}.Release|Any CPU.Build.0 = Release|Any CPU
		{8F2D7721-298C-4BB7-A803-1D78352CE254}.Debug|Any CPU.ActiveCfg = Debug|Any CPU
		{8F2D7721-298C-4BB7-A803-1D78352CE254}.Debug|Any CPU.Build.0 = Debug|Any CPU
		{8F2D7721-298C-4BB7-A803-1D78352CE254}.Release|Any CPU.ActiveCfg = Release|Any CPU
		{8F2D7721-298C-4BB7-A803-1D78352CE254}.Release|Any CPU.Build.0 = Release|Any CPU
		{F47170B5-6AB1-4DD3-964D-9665F472E773}.Debug|Any CPU.ActiveCfg = Debug|Any CPU
		{F47170B5-6AB1-4DD3-964D-9665F472E773}.Debug|Any CPU.Build.0 = Debug|Any CPU
		{F47170B5-6AB1-4DD3-964D-9665F472E773}.Release|Any CPU.ActiveCfg = Release|Any CPU
		{F47170B5-6AB1-4DD3-964D-9665F472E773}.Release|Any CPU.Build.0 = Release|Any CPU
	EndGlobalSection
	GlobalSection(SolutionProperties) = preSolution
		HideSolutionNode = FALSE
	EndGlobalSection
EndGlobal
